
Microsoft Visual Studio Solution File, Format Version 12.00
# Visual Studio Version 16
VisualStudioVersion = 16.0.31410.357
MinimumVisualStudioVersion = 10.0.40219.1
Project("{9A19103F-16F7-4668-BE54-9A1E7A4F7556}") = "NLog.Kafka", "NLog.Kafka.csproj", "{53C5B5F0-4542-4EC7-9FE6-C68F264A9FAC}"
EndProject
Global
	GlobalSection(SolutionConfigurationPlatforms) = preSolution
		Debug_Test|Any CPU = Debug_Test|Any CPU
		Debug|Any CPU = Debug|Any CPU
		Release|Any CPU = Release|Any CPU
	EndGlobalSection
	GlobalSection(ProjectConfigurationPlatforms) = postSolution
		{53C5B5F0-4542-4EC7-9FE6-C68F264A9FAC}.Debug_Test|Any CPU.ActiveCfg = Debug_Test|Any CPU
		{53C5B5F0-4542-4EC7-9FE6-C68F264A9FAC}.Debug_Test|Any CPU.Build.0 = Debug_Test|Any CPU
		{53C5B5F0-4542-4EC7-9FE6-C68F264A9FAC}.Debug|Any CPU.ActiveCfg = Debug|Any CPU
		{53C5B5F0-4542-4EC7-9FE6-C68F264A9FAC}.Debug|Any CPU.Build.0 = Debug|Any CPU
		{53C5B5F0-4542-4EC7-9FE6-C68F264A9FAC}.Release|Any CPU.ActiveCfg = Release|Any CPU
		{53C5B5F0-4542-4EC7-9FE6-C68F264A9FAC}.Release|Any CPU.Build.0 = Release|Any CPU
	EndGlobalSection
	GlobalSection(SolutionProperties) = preSolution
		HideSolutionNode = FALSE
	EndGlobalSection
	GlobalSection(ExtensibilityGlobals) = postSolution
		SolutionGuid = {7BBBCC08-8B5E-4A87-B95C-DE5D741AA136}
	EndGlobalSection
EndGlobal
